{
  "object": {
    "pins": [
      {
        "package": "Alamofire",
        "repositoryURL": "https://github.com/Alamofire/Alamofire.git",
        "state": {
          "branch": "master",
          "revision": "65b77694905b0dea7e419b2f74b1e5dc037094b5",
          "version": null
        }
      },
      {
        "package": "RequestAdapter",
        "repositoryURL": "https://github.com/mihaelamj/RequestAdapter.git",
        "state": {
          "branch": null,
          "revision": "d07e1a6ccbfddc5870d022df2fbe20c28617fa70",
          "version": "0.2.0"
        }
      },
      {
        "package": "RxSwift",
        "repositoryURL": "https://github.com/ReactiveX/RxSwift.git",
        "state": {
          "branch": "main",
          "revision": "b48f2e9536cd985d912126709b97bd743e58c8fc",
          "version": null
        }
      },
      {
        "package": "TVShowsEndpoint",
        "repositoryURL": "https://github.com/mihaelamj/TVShowsEndpoint.git",
        "state": {
          "branch": "main",
          "revision": "bac3ad27bf84027968e8a09afa304dfdd4ac4779",
          "version": null
        }
      },
      {
        "package": "TVShowsResponseResults",
        "repositoryURL": "https://github.com/mihaelamj/TVShowsResponseResults.git",
        "state": {
          "branch": "main",
          "revision": "df524ac659d1f9c841e7ec1a10af4c34c4f9c78b",
          "version": null
        }
      }
    ]
  },
  "version": 1
}
